
Microsoft Visual Studio Solution File, Format Version 12.00
# Visual Studio 15
VisualStudioVersion = 15.0.28010.2041
MinimumVisualStudioVersion = 10.0.40219.1
Project("{FAE04EC0-301F-11D3-BF4B-00C04F79EFBC}") = "Collection", "Collection\Collection.csproj", "{4DD53ED5-B84C-4C8F-B55C-C91E4500CDEB}"
EndProject
Global
	GlobalSection(SolutionConfigurationPlatforms) = preSolution
		Debug|Any CPU = Debug|Any CPU
		Release|Any CPU = Release|Any CPU
	EndGlobalSection
	GlobalSection(ProjectConfigurationPlatforms) = postSolution
		{4DD53ED5-B84C-4C8F-B55C-C91E4500CDEB}.Debug|Any CPU.ActiveCfg = Debug|Any CPU
		{4DD53ED5-B84C-4C8F-B55C-C91E4500CDEB}.Debug|Any CPU.Build.0 = Debug|Any CPU
		{4DD53ED5-B84C-4C8F-B55C-C91E4500CDEB}.Release|Any CPU.ActiveCfg = Release|Any CPU
		{4DD53ED5-B84C-4C8F-B55C-C91E4500CDEB}.Release|Any CPU.Build.0 = Release|Any CPU
	EndGlobalSection
	GlobalSection(SolutionProperties) = preSolution
		HideSolutionNode = FALSE
	EndGlobalSection
	GlobalSection(ExtensibilityGlobals) = postSolution
		SolutionGuid = {973ECD80-32E9-4F93-9353-471F8976AE8C}
	EndGlobalSection
EndGlobal
